// !$*UTF8*$!
{
	archiveVersion = 1;
	classes = {
	};
	objectVersion = 50;
	objects = {

/* Begin PBXBuildFile section */
		12A3DA3F225B8B30007F5265 /* AppDelegate.swift in Sources */ = {isa = PBXBuildFile; fileRef = 12A3DA3E225B8B30007F5265 /* AppDelegate.swift */; };
		12A3DA41225B8B30007F5265 /* ViewController.swift in Sources */ = {isa = PBXBuildFile; fileRef = 12A3DA40225B8B30007F5265 /* ViewController.swift */; };
		12A3DA44225B8B30007F5265 /* Main.storyboard in Resources */ = {isa = PBXBuildFile; fileRef = 12A3DA42225B8B30007F5265 /* Main.storyboard */; };
		12A3DA46225B8B31007F5265 /* Assets.xcassets in Resources */ = {isa = PBXBuildFile; fileRef = 12A3DA45225B8B31007F5265 /* Assets.xcassets */; };
		12A3DA49225B8B31007F5265 /* LaunchScreen.storyboard in Resources */ = {isa = PBXBuildFile; fileRef = 12A3DA47225B8B31007F5265 /* LaunchScreen.storyboard */; };
		FF60869141A935B9265BD997 /* Pods_wonder_app.framework in Frameworks */ = {isa = PBXBuildFile; fileRef = 47D5D18BADA7555D9EBA5CCC /* Pods_wonder_app.framework */; };
/* End PBXBuildFile section */

/* Begin PBXFileReference section */
		12A3DA3B225B8B30007F5265 /* wonder-app.app */ = {isa = PBXFileReference; explicitFileType = wrapper.application; includeInIndex = 0; path = "wonder-app.app"; sourceTree = BUILT_PRODUCTS_DIR; };
		12A3DA3E225B8B30007F5265 /* AppDelegate.swift */ = {isa = PBXFileReference; lastKnownFileType = sourcecode.swift; path = AppDelegate.swift; sourceTree = "<group>"; };
		12A3DA40225B8B30007F5265 /* ViewController.swift */ = {isa = PBXFileReference; lastKnownFileType = sourcecode.swift; path = ViewController.swift; sourceTree = "<group>"; };
		12A3DA43225B8B30007F5265 /* Base */ = {isa = PBXFileReference; lastKnownFileType = file.storyboard; name = Base; path = Base.lproj/Main.storyboard; sourceTree = "<group>"; };
		12A3DA45225B8B31007F5265 /* Assets.xcassets */ = {isa = PBXFileReference; lastKnownFileType = folder.assetcatalog; path = Assets.xcassets; sourceTree = "<group>"; };
		12A3DA48225B8B31007F5265 /* Base */ = {isa = PBXFileReference; lastKnownFileType = file.storyboard; name = Base; path = Base.lproj/LaunchScreen.storyboard; sourceTree = "<group>"; };
		12A3DA4A225B8B31007F5265 /* Info.plist */ = {isa = PBXFileReference; lastKnownFileType = text.plist.xml; path = Info.plist; sourceTree = "<group>"; };
		47D5D18BADA7555D9EBA5CCC /* Pods_wonder_app.framework */ = {isa = PBXFileReference; explicitFileType = wrapper.framework; includeInIndex = 0; path = Pods_wonder_app.framework; sourceTree = BUILT_PRODUCTS_DIR; };
		978CFAC59D3155538BA36C2F /* Pods-wonder-app.debug.xcconfig */ = {isa = PBXFileReference; includeInIndex = 1; lastKnownFileType = text.xcconfig; name = "Pods-wonder-app.debug.xcconfig"; path = "Target Support Files/Pods-wonder-app/Pods-wonder-app.debug.xcconfig"; sourceTree = "<group>"; };
		A9ED3096752C528CDBB75463 /* Pods-wonder-app.release.xcconfig */ = {isa = PBXFileReference; includeInIndex = 1; lastKnownFileType = text.xcconfig; name = "Pods-wonder-app.release.xcconfig"; path = "Target Support Files/Pods-wonder-app/Pods-wonder-app.release.xcconfig"; sourceTree = "<group>"; };
/* End PBXFileReference section */

/* Begin PBXFrameworksBuildPhase section */
		12A3DA38225B8B30007F5265 /* Frameworks */ = {
			isa = PBXFrameworksBuildPhase;
			buildActionMask = 2147483647;
			files = (
				FF60869141A935B9265BD997 /* Pods_wonder_app.framework in Frameworks */,
			);
			runOnlyForDeploymentPostprocessing = 0;
		};
/* End PBXFrameworksBuildPhase section */

/* Begin PBXGroup section */
		12A3DA32225B8B30007F5265 = {
			isa = PBXGroup;
			children = (
				12A3DA3D225B8B30007F5265 /* wonder-app */,
				12A3DA3C225B8B30007F5265 /* Products */,
				C5170E47B3C17BCC8060E288 /* Pods */,
				4B99B7384977BEA831092F06 /* Frameworks */,
			);
			sourceTree = "<group>";
		};
		12A3DA3C225B8B30007F5265 /* Products */ = {
			isa = PBXGroup;
			children = (
				12A3DA3B225B8B30007F5265 /* wonder-app.app */,
			);
			name = Products;
			sourceTree = "<group>";
		};
		12A3DA3D225B8B30007F5265 /* wonder-app */ = {
			isa = PBXGroup;
			children = (
				12A3DA3E225B8B30007F5265 /* AppDelegate.swift */,
				12A3DA40225B8B30007F5265 /* ViewController.swift */,
				12A3DA42225B8B30007F5265 /* Main.storyboard */,
				12A3DA45225B8B31007F5265 /* Assets.xcassets */,
				12A3DA47225B8B31007F5265 /* LaunchScreen.storyboard */,
				12A3DA4A225B8B31007F5265 /* Info.plist */,
			);
			path = "wonder-app";
			sourceTree = "<group>";
		};
		4B99B7384977BEA831092F06 /* Frameworks */ = {
			isa = PBXGroup;
			children = (
				47D5D18BADA7555D9EBA5CCC /* Pods_wonder_app.framework */,
			);
			name = Frameworks;
			sourceTree = "<group>";
		};
		C5170E47B3C17BCC8060E288 /* Pods */ = {
			isa = PBXGroup;
			children = (
				978CFAC59D3155538BA36C2F /* Pods-wonder-app.debug.xcconfig */,
				A9ED3096752C528CDBB75463 /* Pods-wonder-app.release.xcconfig */,
			);
			path = Pods;
			sourceTree = "<group>";
		};
/* End PBXGroup section */

/* Begin PBXNativeTarget section */
		12A3DA3A225B8B30007F5265 /* wonder-app */ = {
			isa = PBXNativeTarget;
			buildConfigurationList = 12A3DA4D225B8B31007F5265 /* Build configuration list for PBXNativeTarget "wonder-app" */;
			buildPhases = (
				9AF729FE3E7C49CF37620125 /* [CP] Check Pods Manifest.lock */,
				12A3DA37225B8B30007F5265 /* Sources */,
				12A3DA38225B8B30007F5265 /* Frameworks */,
				12A3DA39225B8B30007F5265 /* Resources */,
			);
			buildRules = (
			);
			dependencies = (
			);
			name = "wonder-app";
			productName = "wonder-app";
			productReference = 12A3DA3B225B8B30007F5265 /* wonder-app.app */;
			productType = "com.apple.product-type.application";
		};
/* End PBXNativeTarget section */

/* Begin PBXProject section */
		12A3DA33225B8B30007F5265 /* Project object */ = {
			isa = PBXProject;
			attributes = {
				LastSwiftUpdateCheck = 1020;
				LastUpgradeCheck = 1020;
				ORGANIZATIONNAME = adadgio;
				TargetAttributes = {
					12A3DA3A225B8B30007F5265 = {
						CreatedOnToolsVersion = 10.2;
					};
				};
			};
			buildConfigurationList = 12A3DA36225B8B30007F5265 /* Build configuration list for PBXProject "wonder-app" */;
			compatibilityVersion = "Xcode 9.3";
			developmentRegion = en;
			hasScannedForEncodings = 0;
			knownRegions = (
				en,
				Base,
			);
			mainGroup = 12A3DA32225B8B30007F5265;
			productRefGroup = 12A3DA3C225B8B30007F5265 /* Products */;
			projectDirPath = "";
			projectRoot = "";
			targets = (
				12A3DA3A225B8B30007F5265 /* wonder-app */,
			);
		};
/* End PBXProject section */

/* Begin PBXResourcesBuildPhase section */
		12A3DA39225B8B30007F5265 /* Resources */ = {
			isa = PBXResourcesBuildPhase;
			buildActionMask = 2147483647;
			files = (
				12A3DA49225B8B31007F5265 /* LaunchScreen.storyboard in Resources */,
				12A3DA46225B8B31007F5265 /* Assets.xcassets in Resources */,
				12A3DA44225B8B30007F5265 /* Main.storyboard in Resources */,
			);
			runOnlyForDeploymentPostprocessing = 0;
		};
/* End PBXResourcesBuildPhase section */

/* Begin PBXShellScriptBuildPhase section */
		9AF729FE3E7C49CF37620125 /* [CP] Check Pods Manifest.lock */ = {
			isa = PBXShellScriptBuildPhase;
			buildActionMask = 2147483647;
			files = (
			);
			inputFileListPaths = (
			);
			inputPaths = (
				"${PODS_PODFILE_DIR_PATH}/Podfile.lock",
				"${PODS_ROOT}/Manifest.lock",
			);
			name = "[CP] Check Pods Manifest.lock";
			outputFileListPaths = (
			);
			outputPaths = (
				"$(DERIVED_FILE_DIR)/Pods-wonder-app-checkManifestLockResult.txt",
			);
			runOnlyForDeploymentPostprocessing = 0;
			shellPath = /bin/sh;
			shellScript = "diff \"${PODS_PODFILE_DIR_PATH}/Podfile.lock\" \"${PODS_ROOT}/Manifest.lock\" > /dev/null\nif [ $? != 0 ] ; then\n    # print error to STDERR\n    echo \"error: The sandbox is not in sync with the Podfile.lock. Run 'pod install' or update your CocoaPods installation.\" >&2\n    exit 1\nfi\n# This output is used by Xcode 'outputs' to avoid re-running this script phase.\necho \"SUCCESS\" > \"${SCRIPT_OUTPUT_FILE_0}\"\n";
			showEnvVarsInLog = 0;
		};
/* End PBXShellScriptBuildPhase section */

/* Begin PBXSourcesBuildPhase section */
		12A3DA37225B8B30007F5265 /* Sources */ = {
			isa = PBXSourcesBuildPhase;
			buildActionMask = 2147483647;
			files = (
				12A3DA41225B8B30007F5265 /* ViewController.swift in Sources */,
				12A3DA3F225B8B30007F5265 /* AppDelegate.swift in Sources */,
			);
			runOnlyForDeploymentPostprocessing = 0;
		};
/* End PBXSourcesBuildPhase section */

/* Begin PBXVariantGroup section */
		12A3DA42225B8B30007F5265 /* Main.storyboard */ = {
			isa = PBXVariantGroup;
			children = (
				12A3DA43225B8B30007F5265 /* Base */,
			);
			name = Main.storyboard;
			sourceTree = "<group>";
		};
		12A3DA47225B8B31007F5265 /* LaunchScreen.storyboard */ = {
			isa = PBXVariantGroup;
			children = (
				12A3DA48225B8B31007F5265 /* Base */,
			);
			name = LaunchScreen.storyboard;
			sourceTree = "<group>";
		};
/* End PBXVariantGroup section */

/* Begin XCBuildConfiguration section */
		12A3DA4B225B8B31007F5265 /* Debug */ = {
			isa = XCBuildConfiguration;
			buildSettings = {
				ALWAYS_SEARCH_USER_PATHS = NO;
				CLANG_ANALYZER_NONNULL = YES;
				CLANG_ANALYZER_NUMBER_OBJECT_CONVERSION = YES_AGGRESSIVE;
				CLANG_CXX_LANGUAGE_STANDARD = "gnu++14";
				CLANG_CXX_LIBRARY = "libc++";
				CLANG_ENABLE_MODULES = YES;
				CLANG_ENABLE_OBJC_ARC = YES;
				CLANG_ENABLE_OBJC_WEAK = YES;
				CLANG_WARN_BLOCK_CAPTURE_AUTORELEASING = YES;
				CLANG_WARN_BOOL_CONVERSION = YES;
				CLANG_WARN_COMMA = YES;
				CLANG_WARN_CONSTANT_CONVERSION = YES;
				CLANG_WARN_DEPRECATED_OBJC_IMPLEMENTATIONS = YES;
				CLANG_WARN_DIRECT_OBJC_ISA_USAGE = YES_ERROR;
				CLANG_WARN_DOCUMENTATION_COMMENTS = YES;
				CLANG_WARN_EMPTY_BODY = YES;
				CLANG_WARN_ENUM_CONVERSION = YES;
				CLANG_WARN_INFINITE_RECURSION = YES;
				CLANG_WARN_INT_CONVERSION = YES;
				CLANG_WARN_NON_LITERAL_NULL_CONVERSION = YES;
				CLANG_WARN_OBJC_IMPLICIT_RETAIN_SELF = YES;
				CLANG_WARN_OBJC_LITERAL_CONVERSION = YES;
				CLANG_WARN_OBJC_ROOT_CLASS = YES_ERROR;
				CLANG_WARN_RANGE_LOOP_ANALYSIS = YES;
				CLANG_WARN_STRICT_PROTOTYPES = YES;
				CLANG_WARN_SUSPICIOUS_MOVE = YES;
				CLANG_WARN_UNGUARDED_AVAILABILITY = YES_AGGRESSIVE;
				CLANG_WARN_UNREACHABLE_CODE = YES;
				CLANG_WARN__DUPLICATE_METHOD_MATCH = YES;
				CODE_SIGN_IDENTITY = "iPhone Developer";
				COPY_PHASE_STRIP = NO;
				DEBUG_INFORMATION_FORMAT = dwarf;
				ENABLE_STRICT_OBJC_MSGSEND = YES;
				ENABLE_TESTABILITY = YES;
				GCC_C_LANGUAGE_STANDARD = gnu11;
				GCC_DYNAMIC_NO_PIC = NO;
				GCC_NO_COMMON_BLOCKS = YES;
				GCC_OPTIMIZATION_LEVEL = 0;
				GCC_PREPROCESSOR_DEFINITIONS = (
					"DEBUG=1",
					"$(inherited)",
				);
				GCC_WARN_64_TO_32_BIT_CONVERSION = YES;
				GCC_WARN_ABOUT_RETURN_TYPE = YES_ERROR;
				GCC_WARN_UNDECLARED_SELECTOR = YES;
				GCC_WARN_UNINITIALIZED_AUTOS = YES_AGGRESSIVE;
				GCC_WARN_UNUSED_FUNCTION = YES;
				GCC_WARN_UNUSED_VARIABLE = YES;
				IPHONEOS_DEPLOYMENT_TARGET = 12.2;
				MTL_ENABLE_DEBUG_INFO = INCLUDE_SOURCE;
				MTL_FAST_MATH = YES;
				ONLY_ACTIVE_ARCH = YES;
				SDKROOT = iphoneos;
				SWIFT_ACTIVE_COMPILATION_CONDITIONS = DEBUG;
				SWIFT_OPTIMIZATION_LEVEL = "-Onone";
			};
			name = Debug;
		};
		12A3DA4C225B8B31007F5265 /* Release */ = {
			isa = XCBuildConfiguration;
			buildSettings = {
				ALWAYS_SEARCH_USER_PATHS = NO;
				CLANG_ANALYZER_NONNULL = YES;
				CLANG_ANALYZER_NUMBER_OBJECT_CONVERSION = YES_AGGRESSIVE;
				CLANG_CXX_LANGUAGE_STANDARD = "gnu++14";
				CLANG_CXX_LIBRARY = "libc++";
				CLANG_ENABLE_MODULES = YES;
				CLANG_ENABLE_OBJC_ARC = YES;
				CLANG_ENABLE_OBJC_WEAK = YES;
				CLANG_WARN_BLOCK_CAPTURE_AUTORELEASING = YES;
				CLANG_WARN_BOOL_CONVERSION = YES;
				CLANG_WARN_COMMA = YES;
				CLANG_WARN_CONSTANT_CONVERSION = YES;
				CLANG_WARN_DEPRECATED_OBJC_IMPLEMENTATIONS = YES;
				CLANG_WARN_DIRECT_OBJC_ISA_USAGE = YES_ERROR;
				CLANG_WARN_DOCUMENTATION_COMMENTS = YES;
				CLANG_WARN_EMPTY_BODY = YES;
				CLANG_WARN_ENUM_CONVERSION = YES;
				CLANG_WARN_INFINITE_RECURSION = YES;
				CLANG_WARN_INT_CONVERSION = YES;
				CLANG_WARN_NON_LITERAL_NULL_CONVERSION = YES;
				CLANG_WARN_OBJC_IMPLICIT_RETAIN_SELF = YES;
				CLANG_WARN_OBJC_LITERAL_CONVERSION = YES;
				CLANG_WARN_OBJC_ROOT_CLASS = YES_ERROR;
				CLANG_WARN_RANGE_LOOP_ANALYSIS = YES;
				CLANG_WARN_STRICT_PROTOTYPES = YES;
				CLANG_WARN_SUSPICIOUS_MOVE = YES;
				CLANG_WARN_UNGUARDED_AVAILABILITY = YES_AGGRESSIVE;
				CLANG_WARN_UNREACHABLE_CODE = YES;
				CLANG_WARN__DUPLICATE_METHOD_MATCH = YES;
				CODE_SIGN_IDENTITY = "iPhone Developer";
				COPY_PHASE_STRIP = NO;
				DEBUG_INFORMATION_FORMAT = "dwarf-with-dsym";
				ENABLE_NS_ASSERTIONS = NO;
				ENABLE_STRICT_OBJC_MSGSEND = YES;
				GCC_C_LANGUAGE_STANDARD = gnu11;
				GCC_NO_COMMON_BLOCKS = YES;
				GCC_WARN_64_TO_32_BIT_CONVERSION = YES;
				GCC_WARN_ABOUT_RETURN_TYPE = YES_ERROR;
				GCC_WARN_UNDECLARED_SELECTOR = YES;
				GCC_WARN_UNINITIALIZED_AUTOS = YES_AGGRESSIVE;
				GCC_WARN_UNUSED_FUNCTION = YES;
				GCC_WARN_UNUSED_VARIABLE = YES;
				IPHONEOS_DEPLOYMENT_TARGET = 12.2;
				MTL_ENABLE_DEBUG_INFO = NO;
				MTL_FAST_MATH = YES;
				SDKROOT = iphoneos;
				SWIFT_COMPILATION_MODE = wholemodule;
				SWIFT_OPTIMIZATION_LEVEL = "-O";
				VALIDATE_PRODUCT = YES;
			};
			name = Release;
		};
		12A3DA4E225B8B31007F5265 /* Debug */ = {
			isa = XCBuildConfiguration;
			baseConfigurationReference = 978CFAC59D3155538BA36C2F /* Pods-wonder-app.debug.xcconfig */;
			buildSettings = {
				ASSETCATALOG_COMPILER_APPICON_NAME = AppIcon;
				CODE_SIGN_STYLE = Automatic;
				DEVELOPMENT_TEAM = HNH6526J3U;
				INFOPLIST_FILE = "wonder-app/Info.plist";
				LD_RUNPATH_SEARCH_PATHS = (
					"$(inherited)",
					"@executable_path/Frameworks",
				);
				PRODUCT_BUNDLE_IDENTIFIER = "com.myluckyday.wonder-app";
				PRODUCT_NAME = "$(TARGET_NAME)";
				SWIFT_VERSION = 5.0;
				TARGETED_DEVICE_FAMILY = "1,2";
			};
			name = Debug;
		};
		12A3DA4F225B8B31007F5265 /* Release */ = {
			isa = XCBuildConfiguration;
			baseConfigurationReference = A9ED3096752C528CDBB75463 /* Pods-wonder-app.release.xcconfig */;
			buildSettings = {
				ASSETCATALOG_COMPILER_APPICON_NAME = AppIcon;
				CODE_SIGN_STYLE = Automatic;
				DEVELOPMENT_TEAM = HNH6526J3U;
				INFOPLIST_FILE = "wonder-app/Info.plist";
				LD_RUNPATH_SEARCH_PATHS = (
					"$(inherited)",
					"@executable_path/Frameworks",
				);
				PRODUCT_BUNDLE_IDENTIFIER = "com.myluckyday.wonder-app";
				PRODUCT_NAME = "$(TARGET_NAME)";
				SWIFT_VERSION = 5.0;
				TARGETED_DEVICE_FAMILY = "1,2";
			};
			name = Release;
		};
/* End XCBuildConfiguration section */

/* Begin XCConfigurationList section */
		12A3DA36225B8B30007F5265 /* Build configuration list for PBXProject "wonder-app" */ = {
			isa = XCConfigurationList;
			buildConfigurations = (
				12A3DA4B225B8B31007F5265 /* Debug */,
				12A3DA4C225B8B31007F5265 /* Release */,
			);
			defaultConfigurationIsVisible = 0;
			defaultConfigurationName = Release;
		};
		12A3DA4D225B8B31007F5265 /* Build configuration list for PBXNativeTarget "wonder-app" */ = {
			isa = XCConfigurationList;
			buildConfigurations = (
				12A3DA4E225B8B31007F5265 /* Debug */,
				12A3DA4F225B8B31007F5265 /* Release */,
			);
			defaultConfigurationIsVisible = 0;
			defaultConfigurationName = Release;
		};
/* End XCConfigurationList section */
	};
	rootObject = 12A3DA33225B8B30007F5265 /* Project object */;
}
